<?xml version="1.0" encoding="UTF-8"?>
<Scheme
   LastUpgradeVersion = "1410"
   version = "2.0">
   <BuildAction
      parallelizeBuildables = "YES"
      buildImplicitDependencies = "YES">
      <BuildActionEntries>
         <BuildActionEntry
            buildForTesting = "YES"
            buildForRunning = "YES"
            buildForProfiling = "YES"
            buildForArchiving = "YES"
            buildForAnalyzing = "YES">
            <BuildableReference
               BuildableIdentifier = "primary"
               BlueprintIdentifier = "547B2C4328DBA08600879148"
               BuildableName = "swiftui-test.app"
               BlueprintName = "swiftui-test"
               ReferencedContainer = "container:nanoshred.xcodeproj">
            </BuildableReference>
         </BuildActionEntry>
      </BuildActionEntries>
   </BuildAction>
   <TestAction
      buildConfiguration = "Debug"
      selectedDebuggerIdentifier = "Xcode.DebuggerFoundation.Debugger.LLDB"
      selectedLauncherIdentifier = "Xcode.DebuggerFoundation.Launcher.LLDB"
      shouldUseLaunchSchemeArgsEnv = "YES"
      enableAddressSanitizer = "YES"
      enableASanStackUseAfterReturn = "YES">
      <Testables>
         <TestableReference
            skipped = "NO"
            parallelizable = "YES">
            <BuildableReference
               BuildableIdentifier = "primary"
               BlueprintIdentifier = "54E4E68728E0520D00D20320"
               BuildableName = "nanoshredTests.xctest"
               BlueprintName = "nanoshredTests"
               ReferencedContainer = "container:nanoshred.xcodeproj">
            </BuildableReference>
            <SkippedTests>
               <Test
                  Identifier = "swiftui_testTests/testExample()">
               </Test>
               <Test
                  Identifier = "swiftui_testTests/testGLBLoader()">
               </Test>
               <Test
                  Identifier = "swiftui_testTests/testGLTFLoader()">
               </Test>
               <Test
                  Identifier = "swiftui_testTests/testMidiFile()">
               </Test>
               <Test
                  Identifier = "swiftui_testTests/testPerformanceExample()">
               </Test>
            </SkippedTests>
         </TestableReference>
      </Testables>
   </TestAction>
   <LaunchAction
      buildConfiguration = "Release"
      selectedDebuggerIdentifier = "Xcode.DebuggerFoundation.Debugger.LLDB"
      selectedLauncherIdentifier = "Xcode.DebuggerFoundation.Launcher.LLDB"
      disableMainThreadChecker = "YES"
      disablePerformanceAntipatternChecker = "YES"
      launchStyle = "0"
      useCustomWorkingDirectory = "NO"
      ignoresPersistentStateOnLaunch = "NO"
      debugDocumentVersioning = "YES"
      debugXPCServices = "NO"
      debugServiceExtension = "internal"
      enableGPUValidationMode = "1"
      showGraphicsOverview = "Yes"
      allowLocationSimulation = "NO"
      viewDebuggingEnabled = "No"
      queueDebuggingEnabled = "No">
      <BuildableProductRunnable
         runnableDebuggingMode = "0">
         <BuildableReference
            BuildableIdentifier = "primary"
            BlueprintIdentifier = "547B2C4328DBA08600879148"
            BuildableName = "swiftui-test.app"
            BlueprintName = "swiftui-test"
            ReferencedContainer = "container:nanoshred.xcodeproj">
         </BuildableReference>
      </BuildableProductRunnable>
   </LaunchAction>
   <ProfileAction
      buildConfiguration = "Release"
      shouldUseLaunchSchemeArgsEnv = "YES"
      savedToolIdentifier = ""
      useCustomWorkingDirectory = "NO"
      debugDocumentVersioning = "YES">
      <BuildableProductRunnable
         runnableDebuggingMode = "0">
         <BuildableReference
            BuildableIdentifier = "primary"
            BlueprintIdentifier = "547B2C4328DBA08600879148"
            BuildableName = "swiftui-test.app"
            BlueprintName = "swiftui-test"
            ReferencedContainer = "container:nanoshred.xcodeproj">
         </BuildableReference>
      </BuildableProductRunnable>
   </ProfileAction>
   <AnalyzeAction
      buildConfiguration = "Debug">
   </AnalyzeAction>
   <ArchiveAction
      buildConfiguration = "Release"
      revealArchiveInOrganizer = "YES">
   </ArchiveAction>
</Scheme>
